
Microsoft Visual Studio Solution File, Format Version 12.00
# Visual Studio Version 17
VisualStudioVersion = 17.1.32407.343
MinimumVisualStudioVersion = 10.0.40219.1
Project("{FAE04EC0-301F-11D3-BF4B-00C04F79EFBC}") = "BugTracker_FullStack", "BugTracker_FullStack\BugTracker_FullStack.csproj", "{8165E90C-5BD7-492B-9604-4BA5B4FF62F2}"
EndProject
Global
	GlobalSection(SolutionConfigurationPlatforms) = preSolution
		Debug|Any CPU = Debug|Any CPU
		Release|Any CPU = Release|Any CPU
	EndGlobalSection
	GlobalSection(ProjectConfigurationPlatforms) = postSolution
		{8165E90C-5BD7-492B-9604-4BA5B4FF62F2}.Debug|Any CPU.ActiveCfg = Debug|Any CPU
		{8165E90C-5BD7-492B-9604-4BA5B4FF62F2}.Debug|Any CPU.Build.0 = Debug|Any CPU
		{8165E90C-5BD7-492B-9604-4BA5B4FF62F2}.Release|Any CPU.ActiveCfg = Release|Any CPU
		{8165E90C-5BD7-492B-9604-4BA5B4FF62F2}.Release|Any CPU.Build.0 = Release|Any CPU
	EndGlobalSection
	GlobalSection(SolutionProperties) = preSolution
		HideSolutionNode = FALSE
	EndGlobalSection
	GlobalSection(ExtensibilityGlobals) = postSolution
		SolutionGuid = {F46E3744-4C2A-4BDC-BBCA-1F12F6909617}
	EndGlobalSection
EndGlobal
